// !$*UTF8*$!
{
	archiveVersion = 1;
	classes = {
	};
	objectVersion = 56;
	objects = {

/* Begin PBXBuildFile section */
		AD5756FF6B7DCE930742830F /* Pods_KakaoMap_Clone.framework in Frameworks */ = {isa = PBXBuildFile; fileRef = 9B7903C5A0ED71AA5660026B /* Pods_KakaoMap_Clone.framework */; };
		F10BA3462A1C5BD300CCBE9D /* CustomSearchBarView.swift in Sources */ = {isa = PBXBuildFile; fileRef = F10BA3452A1C5BD300CCBE9D /* CustomSearchBarView.swift */; };
		F10BA34A2A1C762A00CCBE9D /* SearchViewController.swift in Sources */ = {isa = PBXBuildFile; fileRef = F10BA3492A1C762A00CCBE9D /* SearchViewController.swift */; };
		F10BA34C2A1C829500CCBE9D /* MenuCollectionViewCell.swift in Sources */ = {isa = PBXBuildFile; fileRef = F10BA34B2A1C829500CCBE9D /* MenuCollectionViewCell.swift */; };
		F10BA34E2A1C9D0C00CCBE9D /* SearchViewModel.swift in Sources */ = {isa = PBXBuildFile; fileRef = F10BA34D2A1C9D0C00CCBE9D /* SearchViewModel.swift */; };
		F10BA3502A1CBAA500CCBE9D /* HttpClient.swift in Sources */ = {isa = PBXBuildFile; fileRef = F10BA34F2A1CBAA500CCBE9D /* HttpClient.swift */; };
		F13C69E72A39BE3A0015CFE8 /* DistanceAddressView.swift in Sources */ = {isa = PBXBuildFile; fileRef = F13C69E62A39BE3A0015CFE8 /* DistanceAddressView.swift */; };
		F13C69E92A39C4600015CFE8 /* FavoriteViewTableViewCell.swift in Sources */ = {isa = PBXBuildFile; fileRef = F13C69E82A39C4600015CFE8 /* FavoriteViewTableViewCell.swift */; };
		F13C69EB2A39C6E80015CFE8 /* FavoriteViewController.swift in Sources */ = {isa = PBXBuildFile; fileRef = F13C69EA2A39C6E80015CFE8 /* FavoriteViewController.swift */; };
		F13C69ED2A39CA520015CFE8 /* FavoriteViewModel.swift in Sources */ = {isa = PBXBuildFile; fileRef = F13C69EC2A39CA520015CFE8 /* FavoriteViewModel.swift */; };
		F15A4F832A31BA8900793806 /* LoginAlertViewController.swift in Sources */ = {isa = PBXBuildFile; fileRef = F15A4F822A31BA8900793806 /* LoginAlertViewController.swift */; };
		F161EF182A25CC8500ED9709 /* SearchModel.swift in Sources */ = {isa = PBXBuildFile; fileRef = F161EF172A25CC8500ED9709 /* SearchModel.swift */; };
		F161EF1A2A25ECDA00ED9709 /* ResultMapViewModel.swift in Sources */ = {isa = PBXBuildFile; fileRef = F161EF192A25ECDA00ED9709 /* ResultMapViewModel.swift */; };
		F1954A7E2A2B168D00E9D0C7 /* Coordinate.swift in Sources */ = {isa = PBXBuildFile; fileRef = F1954A7D2A2B168D00E9D0C7 /* Coordinate.swift */; };
		F1954A812A2B192100E9D0C7 /* MapDataType.swift in Sources */ = {isa = PBXBuildFile; fileRef = F1954A802A2B192100E9D0C7 /* MapDataType.swift */; };
		F1954A832A2C644200E9D0C7 /* MenuView.swift in Sources */ = {isa = PBXBuildFile; fileRef = F1954A822A2C644200E9D0C7 /* MenuView.swift */; };
		F1954A862A2C66C500E9D0C7 /* MenuOptionsButton.swift in Sources */ = {isa = PBXBuildFile; fileRef = F1954A852A2C66C500E9D0C7 /* MenuOptionsButton.swift */; };
		F199002A2A359E880002AD2A /* FirestoreManager.swift in Sources */ = {isa = PBXBuildFile; fileRef = F19900292A359E880002AD2A /* FirestoreManager.swift */; };
		F199002C2A35B3D70002AD2A /* FavoritePlace.swift in Sources */ = {isa = PBXBuildFile; fileRef = F199002B2A35B3D70002AD2A /* FavoritePlace.swift */; };
		F19BA7902A1F7B1F003F348C /* UIImage+Extension.swift in Sources */ = {isa = PBXBuildFile; fileRef = F19BA78F2A1F7B1F003F348C /* UIImage+Extension.swift */; };
		F1A7C09D2A31D49400F96041 /* NotificationManager.swift in Sources */ = {isa = PBXBuildFile; fileRef = F1A7C09C2A31D49400F96041 /* NotificationManager.swift */; };
		F1A92BA82A1F1CD800A3AA8F /* ResultMapViewController.swift in Sources */ = {isa = PBXBuildFile; fileRef = F1A92BA72A1F1CD800A3AA8F /* ResultMapViewController.swift */; };
		F1B8F7552A1CC0BC00D3B45E /* AddressResult.swift in Sources */ = {isa = PBXBuildFile; fileRef = F1B8F7542A1CC0BC00D3B45E /* AddressResult.swift */; };
		F1B8F7572A1CE5E900D3B45E /* KeywordResult.swift in Sources */ = {isa = PBXBuildFile; fileRef = F1B8F7562A1CE5E900D3B45E /* KeywordResult.swift */; };
		F1B8F7592A1D98D300D3B45E /* MainViewModel.swift in Sources */ = {isa = PBXBuildFile; fileRef = F1B8F7582A1D98D300D3B45E /* MainViewModel.swift */; };
		F1B8F75C2A1D9F0000D3B45E /* SearchResultViewController.swift in Sources */ = {isa = PBXBuildFile; fileRef = F1B8F75B2A1D9F0000D3B45E /* SearchResultViewController.swift */; };
		F1B8F75E2A1DA08100D3B45E /* SearchResultViewModel.swift in Sources */ = {isa = PBXBuildFile; fileRef = F1B8F75D2A1DA08100D3B45E /* SearchResultViewModel.swift */; };
		F1B8F7602A1DCBD800D3B45E /* SearchResultTableViewCell.swift in Sources */ = {isa = PBXBuildFile; fileRef = F1B8F75F2A1DCBD800D3B45E /* SearchResultTableViewCell.swift */; };
		F1B8F7622A1DD87500D3B45E /* ReviewStarView.swift in Sources */ = {isa = PBXBuildFile; fileRef = F1B8F7612A1DD87500D3B45E /* ReviewStarView.swift */; };
		F1B8F7662A1E097F00D3B45E /* CustomAlignmentAlertView.swift in Sources */ = {isa = PBXBuildFile; fileRef = F1B8F7652A1E097F00D3B45E /* CustomAlignmentAlertView.swift */; };
		F1B8F7682A1E109A00D3B45E /* CustomAlignmentAlertViewController.swift in Sources */ = {isa = PBXBuildFile; fileRef = F1B8F7672A1E109A00D3B45E /* CustomAlignmentAlertViewController.swift */; };
		F1DB31382A32EC3D00B6D513 /* GoogleService-Info.plist in Resources */ = {isa = PBXBuildFile; fileRef = F1DB31372A32EC3D00B6D513 /* GoogleService-Info.plist */; };
		F1DB313A2A32F40100B6D513 /* Constant.swift in Sources */ = {isa = PBXBuildFile; fileRef = F1DB31392A32F40100B6D513 /* Constant.swift */; };
		F1DB313C2A32F9EE00B6D513 /* AuthService.swift in Sources */ = {isa = PBXBuildFile; fileRef = F1DB313B2A32F9EE00B6D513 /* AuthService.swift */; };
		F1DB31402A3308CC00B6D513 /* UserDefaultsManager.swift in Sources */ = {isa = PBXBuildFile; fileRef = F1DB313F2A3308CC00B6D513 /* UserDefaultsManager.swift */; };
		F1DB31422A33208600B6D513 /* AuthViewModel.swift in Sources */ = {isa = PBXBuildFile; fileRef = F1DB31412A33208600B6D513 /* AuthViewModel.swift */; };
		F1DB31492A341FFF00B6D513 /* credentials.plist in Resources */ = {isa = PBXBuildFile; fileRef = F1DB31482A341FFF00B6D513 /* credentials.plist */; };
		F1DB314B2A34528900B6D513 /* TargetPlaceDetail.swift in Sources */ = {isa = PBXBuildFile; fileRef = F1DB314A2A34528900B6D513 /* TargetPlaceDetail.swift */; };
		F1EBC3182A22FAA10043CC46 /* DetailViewController.swift in Sources */ = {isa = PBXBuildFile; fileRef = F1EBC3172A22FAA10043CC46 /* DetailViewController.swift */; };
		F1EBC31C2A2311870043CC46 /* MeasureFormatter.swift in Sources */ = {isa = PBXBuildFile; fileRef = F1EBC31B2A2311870043CC46 /* MeasureFormatter.swift */; };
		F1EBC31E2A232BB50043CC46 /* DestinationResult.swift in Sources */ = {isa = PBXBuildFile; fileRef = F1EBC31D2A232BB50043CC46 /* DestinationResult.swift */; };
		F1EBC3202A232CB50043CC46 /* LocationManager.swift in Sources */ = {isa = PBXBuildFile; fileRef = F1EBC31F2A232CB50043CC46 /* LocationManager.swift */; };
		F1EBC3242A2587AA0043CC46 /* MenuViewController.swift in Sources */ = {isa = PBXBuildFile; fileRef = F1EBC3232A2587AA0043CC46 /* MenuViewController.swift */; };
		F1F2112E2A19CC76000443AB /* AppDelegate.swift in Sources */ = {isa = PBXBuildFile; fileRef = F1F2112D2A19CC76000443AB /* AppDelegate.swift */; };
		F1F211302A19CC76000443AB /* SceneDelegate.swift in Sources */ = {isa = PBXBuildFile; fileRef = F1F2112F2A19CC76000443AB /* SceneDelegate.swift */; };
		F1F211322A19CC76000443AB /* MainViewController.swift in Sources */ = {isa = PBXBuildFile; fileRef = F1F211312A19CC76000443AB /* MainViewController.swift */; };
		F1F211372A19CC77000443AB /* Assets.xcassets in Resources */ = {isa = PBXBuildFile; fileRef = F1F211362A19CC77000443AB /* Assets.xcassets */; };
		F1F2113A2A19CC77000443AB /* LaunchScreen.storyboard in Resources */ = {isa = PBXBuildFile; fileRef = F1F211382A19CC77000443AB /* LaunchScreen.storyboard */; };
		F1F211BB2A19D037000443AB /* CoreLocation.framework in Frameworks */ = {isa = PBXBuildFile; fileRef = F1F211BA2A19D037000443AB /* CoreLocation.framework */; };
		F1F211BD2A19D04F000443AB /* libc++.tbd in Frameworks */ = {isa = PBXBuildFile; fileRef = F1F211BC2A19D046000443AB /* libc++.tbd */; };
		F1F211BF2A19D060000443AB /* libsqlite3.tbd in Frameworks */ = {isa = PBXBuildFile; fileRef = F1F211BE2A19D058000443AB /* libsqlite3.tbd */; };
		F1F211C12A19D079000443AB /* libsqlite3.tbd in Frameworks */ = {isa = PBXBuildFile; fileRef = F1F211BE2A19D058000443AB /* libsqlite3.tbd */; };
		F1F211C22A19D085000443AB /* libxml2.tbd in Frameworks */ = {isa = PBXBuildFile; fileRef = F1F211C02A19D069000443AB /* libxml2.tbd */; };
		F1F211C42A19D08C000443AB /* OpenGLES.framework in Frameworks */ = {isa = PBXBuildFile; fileRef = F1F211C32A19D08C000443AB /* OpenGLES.framework */; };
		F1F211C62A19D0A1000443AB /* QuartzCore.framework in Frameworks */ = {isa = PBXBuildFile; fileRef = F1F211C52A19D0A1000443AB /* QuartzCore.framework */; };
		F1F211C82A19D0AD000443AB /* SystemConfiguration.framework in Frameworks */ = {isa = PBXBuildFile; fileRef = F1F211C72A19D0AD000443AB /* SystemConfiguration.framework */; };
		F1F2129E2A19D99F000443AB /* DaumMap.framework in Frameworks */ = {isa = PBXBuildFile; fileRef = F1F212822A19D99F000443AB /* DaumMap.framework */; };
		F1F212C62A19D9E1000443AB /* map_pinup_custom@3x.png in Resources */ = {isa = PBXBuildFile; fileRef = F1F212A12A19D9E1000443AB /* map_pinup_custom@3x.png */; };
		F1F212C72A19D9E1000443AB /* map_pin_custom.png in Resources */ = {isa = PBXBuildFile; fileRef = F1F212A22A19D9E1000443AB /* map_pin_custom.png */; };
		F1F212C82A19D9E1000443AB /* shadow_balloon.png in Resources */ = {isa = PBXBuildFile; fileRef = F1F212A32A19D9E1000443AB /* shadow_balloon.png */; };
		F1F212C92A19D9E1000443AB /* map_pinup.png in Resources */ = {isa = PBXBuildFile; fileRef = F1F212A42A19D9E1000443AB /* map_pinup.png */; };
		F1F212CA2A19D9E1000443AB /* detail_button.png in Resources */ = {isa = PBXBuildFile; fileRef = F1F212A52A19D9E1000443AB /* detail_button.png */; };
		F1F212CB2A19D9E1000443AB /* map_pin_custom@3x.png in Resources */ = {isa = PBXBuildFile; fileRef = F1F212A62A19D9E1000443AB /* map_pin_custom@3x.png */; };
		F1F212CC2A19D9E1000443AB /* map_pinup@3x.png in Resources */ = {isa = PBXBuildFile; fileRef = F1F212A72A19D9E1000443AB /* map_pinup@3x.png */; };
		F1F212CD2A19D9E1000443AB /* map_pin_shadow@3x.png in Resources */ = {isa = PBXBuildFile; fileRef = F1F212A82A19D9E1000443AB /* map_pin_shadow@3x.png */; };
		F1F212CE2A19D9E1000443AB /* copyright.png in Resources */ = {isa = PBXBuildFile; fileRef = F1F212A92A19D9E1000443AB /* copyright.png */; };
		F1F212CF2A19D9E1000443AB /* th_line.png in Resources */ = {isa = PBXBuildFile; fileRef = F1F212AA2A19D9E1000443AB /* th_line.png */; };
		F1F212D02A19D9E1000443AB /* map_pin_red@3x.png in Resources */ = {isa = PBXBuildFile; fileRef = F1F212AB2A19D9E1000443AB /* map_pin_red@3x.png */; };
		F1F212D12A19D9E1000443AB /* daum_copyright.png in Resources */ = {isa = PBXBuildFile; fileRef = F1F212AC2A19D9E1000443AB /* daum_copyright.png */; };
		F1F212D22A19D9E1000443AB /* map_pin@3x.png in Resources */ = {isa = PBXBuildFile; fileRef = F1F212AD2A19D9E1000443AB /* map_pin@3x.png */; };
		F1F212D32A19D9E1000443AB /* map_present_tracking.png in Resources */ = {isa = PBXBuildFile; fileRef = F1F212AE2A19D9E1000443AB /* map_present_tracking.png */; };
		F1F212D42A19D9E1000443AB /* map_pin_red.png in Resources */ = {isa = PBXBuildFile; fileRef = F1F212AF2A19D9E1000443AB /* map_pin_red.png */; };
		F1F212D52A19D9E1000443AB /* info_box.png in Resources */ = {isa = PBXBuildFile; fileRef = F1F212B92A19D9E1000443AB /* info_box.png */; };
		F1F212D62A19D9E1000443AB /* point_sprite.png in Resources */ = {isa = PBXBuildFile; fileRef = F1F212BA2A19D9E1000443AB /* point_sprite.png */; };
		F1F212D72A19D9E1000443AB /* map_pinup_custom.png in Resources */ = {isa = PBXBuildFile; fileRef = F1F212BB2A19D9E1000443AB /* map_pinup_custom.png */; };
		F1F212D82A19D9E1000443AB /* info_box_tail.png in Resources */ = {isa = PBXBuildFile; fileRef = F1F212BC2A19D9E1000443AB /* info_box_tail.png */; };
		F1F212D92A19D9E1000443AB /* noimage256.png in Resources */ = {isa = PBXBuildFile; fileRef = F1F212BD2A19D9E1000443AB /* noimage256.png */; };
		F1F212DA2A19D9E1000443AB /* map_present_direction.png in Resources */ = {isa = PBXBuildFile; fileRef = F1F212BE2A19D9E1000443AB /* map_present_direction.png */; };
		F1F212DB2A19D9E1000443AB /* map_pin.png in Resources */ = {isa = PBXBuildFile; fileRef = F1F212BF2A19D9E1000443AB /* map_pin.png */; };
		F1F212DC2A19D9E1000443AB /* map_present.png in Resources */ = {isa = PBXBuildFile; fileRef = F1F212C02A19D9E1000443AB /* map_present.png */; };
		F1F212DD2A19D9E1000443AB /* noimage.png in Resources */ = {isa = PBXBuildFile; fileRef = F1F212C12A19D9E1000443AB /* noimage.png */; };
		F1F212DE2A19D9E1000443AB /* map_present_background_update.png in Resources */ = {isa = PBXBuildFile; fileRef = F1F212C22A19D9E1000443AB /* map_present_background_update.png */; };
		F1F212DF2A19D9E1000443AB /* daum_th_line.png in Resources */ = {isa = PBXBuildFile; fileRef = F1F212C32A19D9E1000443AB /* daum_th_line.png */; };
		F1F212E02A19D9E1000443AB /* map_pin_shadow.png in Resources */ = {isa = PBXBuildFile; fileRef = F1F212C42A19D9E1000443AB /* map_pin_shadow.png */; };
		F1F212E12A19D9E1000443AB /* DaumMap.framework in Frameworks */ = {isa = PBXBuildFile; fileRef = F1F212C52A19D9E1000443AB /* DaumMap.framework */; };
		F1F212E42A19DDA8000443AB /* UIView+Extensions.swift in Sources */ = {isa = PBXBuildFile; fileRef = F1F212E32A19DDA8000443AB /* UIView+Extensions.swift */; };
		F1F212E62A19DDC2000443AB /* UIViewController+Extensions.swift in Sources */ = {isa = PBXBuildFile; fileRef = F1F212E52A19DDC2000443AB /* UIViewController+Extensions.swift */; };
/* End PBXBuildFile section */

/* Begin PBXFileReference section */
		281B92ADB49BCA945191C97F /* Pods-KakaoMap_Clone.release.xcconfig */ = {isa = PBXFileReference; includeInIndex = 1; lastKnownFileType = text.xcconfig; name = "Pods-KakaoMap_Clone.release.xcconfig"; path = "Target Support Files/Pods-KakaoMap_Clone/Pods-KakaoMap_Clone.release.xcconfig"; sourceTree = "<group>"; };
		9003889F509E75CBAFFC9A29 /* Pods-KakaoMap_Clone.debug.xcconfig */ = {isa = PBXFileReference; includeInIndex = 1; lastKnownFileType = text.xcconfig; name = "Pods-KakaoMap_Clone.debug.xcconfig"; path = "Target Support Files/Pods-KakaoMap_Clone/Pods-KakaoMap_Clone.debug.xcconfig"; sourceTree = "<group>"; };
		9B7903C5A0ED71AA5660026B /* Pods_KakaoMap_Clone.framework */ = {isa = PBXFileReference; explicitFileType = wrapper.framework; includeInIndex = 0; path = Pods_KakaoMap_Clone.framework; sourceTree = BUILT_PRODUCTS_DIR; };
		F10BA3452A1C5BD300CCBE9D /* CustomSearchBarView.swift */ = {isa = PBXFileReference; lastKnownFileType = sourcecode.swift; path = CustomSearchBarView.swift; sourceTree = "<group>"; };
		F10BA3492A1C762A00CCBE9D /* SearchViewController.swift */ = {isa = PBXFileReference; lastKnownFileType = sourcecode.swift; path = SearchViewController.swift; sourceTree = "<group>"; };
		F10BA34B2A1C829500CCBE9D /* MenuCollectionViewCell.swift */ = {isa = PBXFileReference; lastKnownFileType = sourcecode.swift; path = MenuCollectionViewCell.swift; sourceTree = "<group>"; };
		F10BA34D2A1C9D0C00CCBE9D /* SearchViewModel.swift */ = {isa = PBXFileReference; lastKnownFileType = sourcecode.swift; path = SearchViewModel.swift; sourceTree = "<group>"; };
		F10BA34F2A1CBAA500CCBE9D /* HttpClient.swift */ = {isa = PBXFileReference; lastKnownFileType = sourcecode.swift; path = HttpClient.swift; sourceTree = "<group>"; };
		F13C69E62A39BE3A0015CFE8 /* DistanceAddressView.swift */ = {isa = PBXFileReference; lastKnownFileType = sourcecode.swift; path = DistanceAddressView.swift; sourceTree = "<group>"; };
		F13C69E82A39C4600015CFE8 /* FavoriteViewTableViewCell.swift */ = {isa = PBXFileReference; lastKnownFileType = sourcecode.swift; path = FavoriteViewTableViewCell.swift; sourceTree = "<group>"; };
		F13C69EA2A39C6E80015CFE8 /* FavoriteViewController.swift */ = {isa = PBXFileReference; lastKnownFileType = sourcecode.swift; path = FavoriteViewController.swift; sourceTree = "<group>"; };
		F13C69EC2A39CA520015CFE8 /* FavoriteViewModel.swift */ = {isa = PBXFileReference; lastKnownFileType = sourcecode.swift; path = FavoriteViewModel.swift; sourceTree = "<group>"; };
		F15A4F822A31BA8900793806 /* LoginAlertViewController.swift */ = {isa = PBXFileReference; lastKnownFileType = sourcecode.swift; path = LoginAlertViewController.swift; sourceTree = "<group>"; };
		F161EF172A25CC8500ED9709 /* SearchModel.swift */ = {isa = PBXFileReference; lastKnownFileType = sourcecode.swift; path = SearchModel.swift; sourceTree = "<group>"; };
		F161EF192A25ECDA00ED9709 /* ResultMapViewModel.swift */ = {isa = PBXFileReference; lastKnownFileType = sourcecode.swift; path = ResultMapViewModel.swift; sourceTree = "<group>"; };
		F1954A7D2A2B168D00E9D0C7 /* Coordinate.swift */ = {isa = PBXFileReference; lastKnownFileType = sourcecode.swift; path = Coordinate.swift; sourceTree = "<group>"; };
		F1954A802A2B192100E9D0C7 /* MapDataType.swift */ = {isa = PBXFileReference; lastKnownFileType = sourcecode.swift; path = MapDataType.swift; sourceTree = "<group>"; };
		F1954A822A2C644200E9D0C7 /* MenuView.swift */ = {isa = PBXFileReference; lastKnownFileType = sourcecode.swift; path = MenuView.swift; sourceTree = "<group>"; };
		F1954A852A2C66C500E9D0C7 /* MenuOptionsButton.swift */ = {isa = PBXFileReference; lastKnownFileType = sourcecode.swift; path = MenuOptionsButton.swift; sourceTree = "<group>"; };
		F19900292A359E880002AD2A /* FirestoreManager.swift */ = {isa = PBXFileReference; lastKnownFileType = sourcecode.swift; path = FirestoreManager.swift; sourceTree = "<group>"; };
		F199002B2A35B3D70002AD2A /* FavoritePlace.swift */ = {isa = PBXFileReference; lastKnownFileType = sourcecode.swift; path = FavoritePlace.swift; sourceTree = "<group>"; };
		F19BA78F2A1F7B1F003F348C /* UIImage+Extension.swift */ = {isa = PBXFileReference; lastKnownFileType = sourcecode.swift; path = "UIImage+Extension.swift"; sourceTree = "<group>"; };
		F1A7C09C2A31D49400F96041 /* NotificationManager.swift */ = {isa = PBXFileReference; lastKnownFileType = sourcecode.swift; path = NotificationManager.swift; sourceTree = "<group>"; };
		F1A92BA72A1F1CD800A3AA8F /* ResultMapViewController.swift */ = {isa = PBXFileReference; lastKnownFileType = sourcecode.swift; path = ResultMapViewController.swift; sourceTree = "<group>"; };
		F1B8F7542A1CC0BC00D3B45E /* AddressResult.swift */ = {isa = PBXFileReference; lastKnownFileType = sourcecode.swift; path = AddressResult.swift; sourceTree = "<group>"; };
		F1B8F7562A1CE5E900D3B45E /* KeywordResult.swift */ = {isa = PBXFileReference; lastKnownFileType = sourcecode.swift; path = KeywordResult.swift; sourceTree = "<group>"; };
		F1B8F7582A1D98D300D3B45E /* MainViewModel.swift */ = {isa = PBXFileReference; lastKnownFileType = sourcecode.swift; path = MainViewModel.swift; sourceTree = "<group>"; };
		F1B8F75B2A1D9F0000D3B45E /* SearchResultViewController.swift */ = {isa = PBXFileReference; lastKnownFileType = sourcecode.swift; path = SearchResultViewController.swift; sourceTree = "<group>"; };
		F1B8F75D2A1DA08100D3B45E /* SearchResultViewModel.swift */ = {isa = PBXFileReference; lastKnownFileType = sourcecode.swift; path = SearchResultViewModel.swift; sourceTree = "<group>"; };
		F1B8F75F2A1DCBD800D3B45E /* SearchResultTableViewCell.swift */ = {isa = PBXFileReference; lastKnownFileType = sourcecode.swift; path = SearchResultTableViewCell.swift; sourceTree = "<group>"; };
		F1B8F7612A1DD87500D3B45E /* ReviewStarView.swift */ = {isa = PBXFileReference; lastKnownFileType = sourcecode.swift; path = ReviewStarView.swift; sourceTree = "<group>"; };
		F1B8F7652A1E097F00D3B45E /* CustomAlignmentAlertView.swift */ = {isa = PBXFileReference; lastKnownFileType = sourcecode.swift; path = CustomAlignmentAlertView.swift; sourceTree = "<group>"; };
		F1B8F7672A1E109A00D3B45E /* CustomAlignmentAlertViewController.swift */ = {isa = PBXFileReference; lastKnownFileType = sourcecode.swift; path = CustomAlignmentAlertViewController.swift; sourceTree = "<group>"; };
		F1DB31372A32EC3D00B6D513 /* GoogleService-Info.plist */ = {isa = PBXFileReference; fileEncoding = 4; lastKnownFileType = text.plist.xml; path = "GoogleService-Info.plist"; sourceTree = "<group>"; };
		F1DB31392A32F40100B6D513 /* Constant.swift */ = {isa = PBXFileReference; lastKnownFileType = sourcecode.swift; path = Constant.swift; sourceTree = "<group>"; };
		F1DB313B2A32F9EE00B6D513 /* AuthService.swift */ = {isa = PBXFileReference; lastKnownFileType = sourcecode.swift; path = AuthService.swift; sourceTree = "<group>"; };
		F1DB313F2A3308CC00B6D513 /* UserDefaultsManager.swift */ = {isa = PBXFileReference; lastKnownFileType = sourcecode.swift; path = UserDefaultsManager.swift; sourceTree = "<group>"; };
		F1DB31412A33208600B6D513 /* AuthViewModel.swift */ = {isa = PBXFileReference; lastKnownFileType = sourcecode.swift; path = AuthViewModel.swift; sourceTree = "<group>"; };
		F1DB31482A341FFF00B6D513 /* credentials.plist */ = {isa = PBXFileReference; fileEncoding = 4; lastKnownFileType = text.plist.xml; path = credentials.plist; sourceTree = "<group>"; };
		F1DB314A2A34528900B6D513 /* TargetPlaceDetail.swift */ = {isa = PBXFileReference; lastKnownFileType = sourcecode.swift; path = TargetPlaceDetail.swift; sourceTree = "<group>"; };
		F1EBC3172A22FAA10043CC46 /* DetailViewController.swift */ = {isa = PBXFileReference; lastKnownFileType = sourcecode.swift; path = DetailViewController.swift; sourceTree = "<group>"; };
		F1EBC31B2A2311870043CC46 /* MeasureFormatter.swift */ = {isa = PBXFileReference; lastKnownFileType = sourcecode.swift; path = MeasureFormatter.swift; sourceTree = "<group>"; };
		F1EBC31D2A232BB50043CC46 /* DestinationResult.swift */ = {isa = PBXFileReference; lastKnownFileType = sourcecode.swift; path = DestinationResult.swift; sourceTree = "<group>"; };
		F1EBC31F2A232CB50043CC46 /* LocationManager.swift */ = {isa = PBXFileReference; lastKnownFileType = sourcecode.swift; path = LocationManager.swift; sourceTree = "<group>"; };
		F1EBC3232A2587AA0043CC46 /* MenuViewController.swift */ = {isa = PBXFileReference; lastKnownFileType = sourcecode.swift; path = MenuViewController.swift; sourceTree = "<group>"; };
		F1F2112A2A19CC76000443AB /* KakaoMap_Clone.app */ = {isa = PBXFileReference; explicitFileType = wrapper.application; includeInIndex = 0; path = KakaoMap_Clone.app; sourceTree = BUILT_PRODUCTS_DIR; };
		F1F2112D2A19CC76000443AB /* AppDelegate.swift */ = {isa = PBXFileReference; lastKnownFileType = sourcecode.swift; path = AppDelegate.swift; sourceTree = "<group>"; };
		F1F2112F2A19CC76000443AB /* SceneDelegate.swift */ = {isa = PBXFileReference; lastKnownFileType = sourcecode.swift; path = SceneDelegate.swift; sourceTree = "<group>"; };
		F1F211312A19CC76000443AB /* MainViewController.swift */ = {isa = PBXFileReference; lastKnownFileType = sourcecode.swift; path = MainViewController.swift; sourceTree = "<group>"; };
		F1F211362A19CC77000443AB /* Assets.xcassets */ = {isa = PBXFileReference; lastKnownFileType = folder.assetcatalog; path = Assets.xcassets; sourceTree = "<group>"; };
		F1F211392A19CC77000443AB /* Base */ = {isa = PBXFileReference; lastKnownFileType = file.storyboard; name = Base; path = Base.lproj/LaunchScreen.storyboard; sourceTree = "<group>"; };
		F1F2113B2A19CC77000443AB /* Info.plist */ = {isa = PBXFileReference; lastKnownFileType = text.plist.xml; path = Info.plist; sourceTree = "<group>"; };
		F1F211BA2A19D037000443AB /* CoreLocation.framework */ = {isa = PBXFileReference; lastKnownFileType = wrapper.framework; name = CoreLocation.framework; path = System/Library/Frameworks/CoreLocation.framework; sourceTree = SDKROOT; };
		F1F211BC2A19D046000443AB /* libc++.tbd */ = {isa = PBXFileReference; lastKnownFileType = "sourcecode.text-based-dylib-definition"; name = "libc++.tbd"; path = "usr/lib/libc++.tbd"; sourceTree = SDKROOT; };
		F1F211BE2A19D058000443AB /* libsqlite3.tbd */ = {isa = PBXFileReference; lastKnownFileType = "sourcecode.text-based-dylib-definition"; name = libsqlite3.tbd; path = usr/lib/libsqlite3.tbd; sourceTree = SDKROOT; };
		F1F211C02A19D069000443AB /* libxml2.tbd */ = {isa = PBXFileReference; lastKnownFileType = "sourcecode.text-based-dylib-definition"; name = libxml2.tbd; path = usr/lib/libxml2.tbd; sourceTree = SDKROOT; };
		F1F211C32A19D08C000443AB /* OpenGLES.framework */ = {isa = PBXFileReference; lastKnownFileType = wrapper.framework; name = OpenGLES.framework; path = System/Library/Frameworks/OpenGLES.framework; sourceTree = SDKROOT; };
		F1F211C52A19D0A1000443AB /* QuartzCore.framework */ = {isa = PBXFileReference; lastKnownFileType = wrapper.framework; name = QuartzCore.framework; path = System/Library/Frameworks/QuartzCore.framework; sourceTree = SDKROOT; };
		F1F211C72A19D0AD000443AB /* SystemConfiguration.framework */ = {isa = PBXFileReference; lastKnownFileType = wrapper.framework; name = SystemConfiguration.framework; path = System/Library/Frameworks/SystemConfiguration.framework; sourceTree = SDKROOT; };
		F1F2125B2A19D914000443AB /* KakaoMap-Bridge-Header.h */ = {isa = PBXFileReference; lastKnownFileType = sourcecode.c.h; path = "KakaoMap-Bridge-Header.h"; sourceTree = "<group>"; };
		F1F212822A19D99F000443AB /* DaumMap.framework */ = {isa = PBXFileReference; lastKnownFileType = wrapper.framework; path = DaumMap.framework; sourceTree = "<group>"; };
		F1F212A12A19D9E1000443AB /* map_pinup_custom@3x.png */ = {isa = PBXFileReference; lastKnownFileType = image.png; path = "map_pinup_custom@3x.png"; sourceTree = "<group>"; };
		F1F212A22A19D9E1000443AB /* map_pin_custom.png */ = {isa = PBXFileReference; lastKnownFileType = image.png; path = map_pin_custom.png; sourceTree = "<group>"; };
		F1F212A32A19D9E1000443AB /* shadow_balloon.png */ = {isa = PBXFileReference; lastKnownFileType = image.png; path = shadow_balloon.png; sourceTree = "<group>"; };
		F1F212A42A19D9E1000443AB /* map_pinup.png */ = {isa = PBXFileReference; lastKnownFileType = image.png; path = map_pinup.png; sourceTree = "<group>"; };
		F1F212A52A19D9E1000443AB /* detail_button.png */ = {isa = PBXFileReference; lastKnownFileType = image.png; path = detail_button.png; sourceTree = "<group>"; };
		F1F212A62A19D9E1000443AB /* map_pin_custom@3x.png */ = {isa = PBXFileReference; lastKnownFileType = image.png; path = "map_pin_custom@3x.png"; sourceTree = "<group>"; };
		F1F212A72A19D9E1000443AB /* map_pinup@3x.png */ = {isa = PBXFileReference; lastKnownFileType = image.png; path = "map_pinup@3x.png"; sourceTree = "<group>"; };
		F1F212A82A19D9E1000443AB /* map_pin_shadow@3x.png */ = {isa = PBXFileReference; lastKnownFileType = image.png; path = "map_pin_shadow@3x.png"; sourceTree = "<group>"; };
		F1F212A92A19D9E1000443AB /* copyright.png */ = {isa = PBXFileReference; lastKnownFileType = image.png; path = copyright.png; sourceTree = "<group>"; };
		F1F212AA2A19D9E1000443AB /* th_line.png */ = {isa = PBXFileReference; lastKnownFileType = image.png; path = th_line.png; sourceTree = "<group>"; };
		F1F212AB2A19D9E1000443AB /* map_pin_red@3x.png */ = {isa = PBXFileReference; lastKnownFileType = image.png; path = "map_pin_red@3x.png"; sourceTree = "<group>"; };
		F1F212AC2A19D9E1000443AB /* daum_copyright.png */ = {isa = PBXFileReference; lastKnownFileType = image.png; path = daum_copyright.png; sourceTree = "<group>"; };
		F1F212AD2A19D9E1000443AB /* map_pin@3x.png */ = {isa = PBXFileReference; lastKnownFileType = image.png; path = "map_pin@3x.png"; sourceTree = "<group>"; };
		F1F212AE2A19D9E1000443AB /* map_present_tracking.png */ = {isa = PBXFileReference; lastKnownFileType = image.png; path = map_present_tracking.png; sourceTree = "<group>"; };
		F1F212AF2A19D9E1000443AB /* map_pin_red.png */ = {isa = PBXFileReference; lastKnownFileType = image.png; path = map_pin_red.png; sourceTree = "<group>"; };
		F1F212B12A19D9E1000443AB /* MTMapPOIItem.h */ = {isa = PBXFileReference; fileEncoding = 4; lastKnownFileType = sourcecode.c.h; path = MTMapPOIItem.h; sourceTree = "<group>"; };
		F1F212B22A19D9E1000443AB /* MTMapCameraUpdate.h */ = {isa = PBXFileReference; fileEncoding = 4; lastKnownFileType = sourcecode.c.h; path = MTMapCameraUpdate.h; sourceTree = "<group>"; };
		F1F212B32A19D9E1000443AB /* MTMapReverseGeoCoder.h */ = {isa = PBXFileReference; fileEncoding = 4; lastKnownFileType = sourcecode.c.h; path = MTMapReverseGeoCoder.h; sourceTree = "<group>"; };
		F1F212B42A19D9E1000443AB /* MTMapPolyline.h */ = {isa = PBXFileReference; fileEncoding = 4; lastKnownFileType = sourcecode.c.h; path = MTMapPolyline.h; sourceTree = "<group>"; };
		F1F212B52A19D9E1000443AB /* MTMapLocationMarkerItem.h */ = {isa = PBXFileReference; fileEncoding = 4; lastKnownFileType = sourcecode.c.h; path = MTMapLocationMarkerItem.h; sourceTree = "<group>"; };
		F1F212B62A19D9E1000443AB /* MTMapView.h */ = {isa = PBXFileReference; fileEncoding = 4; lastKnownFileType = sourcecode.c.h; path = MTMapView.h; sourceTree = "<group>"; };
		F1F212B72A19D9E1000443AB /* MTMapGeometry.h */ = {isa = PBXFileReference; fileEncoding = 4; lastKnownFileType = sourcecode.c.h; path = MTMapGeometry.h; sourceTree = "<group>"; };
		F1F212B82A19D9E1000443AB /* MTMapCircle.h */ = {isa = PBXFileReference; fileEncoding = 4; lastKnownFileType = sourcecode.c.h; path = MTMapCircle.h; sourceTree = "<group>"; };
		F1F212B92A19D9E1000443AB /* info_box.png */ = {isa = PBXFileReference; lastKnownFileType = image.png; path = info_box.png; sourceTree = "<group>"; };
		F1F212BA2A19D9E1000443AB /* point_sprite.png */ = {isa = PBXFileReference; lastKnownFileType = image.png; path = point_sprite.png; sourceTree = "<group>"; };
		F1F212BB2A19D9E1000443AB /* map_pinup_custom.png */ = {isa = PBXFileReference; lastKnownFileType = image.png; path = map_pinup_custom.png; sourceTree = "<group>"; };
		F1F212BC2A19D9E1000443AB /* info_box_tail.png */ = {isa = PBXFileReference; lastKnownFileType = image.png; path = info_box_tail.png; sourceTree = "<group>"; };
		F1F212BD2A19D9E1000443AB /* noimage256.png */ = {isa = PBXFileReference; lastKnownFileType = image.png; path = noimage256.png; sourceTree = "<group>"; };
		F1F212BE2A19D9E1000443AB /* map_present_direction.png */ = {isa = PBXFileReference; lastKnownFileType = image.png; path = map_present_direction.png; sourceTree = "<group>"; };
		F1F212BF2A19D9E1000443AB /* map_pin.png */ = {isa = PBXFileReference; lastKnownFileType = image.png; path = map_pin.png; sourceTree = "<group>"; };
		F1F212C02A19D9E1000443AB /* map_present.png */ = {isa = PBXFileReference; lastKnownFileType = image.png; path = map_present.png; sourceTree = "<group>"; };
		F1F212C12A19D9E1000443AB /* noimage.png */ = {isa = PBXFileReference; lastKnownFileType = image.png; path = noimage.png; sourceTree = "<group>"; };
		F1F212C22A19D9E1000443AB /* map_present_background_update.png */ = {isa = PBXFileReference; lastKnownFileType = image.png; path = map_present_background_update.png; sourceTree = "<group>"; };
		F1F212C32A19D9E1000443AB /* daum_th_line.png */ = {isa = PBXFileReference; lastKnownFileType = image.png; path = daum_th_line.png; sourceTree = "<group>"; };
		F1F212C42A19D9E1000443AB /* map_pin_shadow.png */ = {isa = PBXFileReference; lastKnownFileType = image.png; path = map_pin_shadow.png; sourceTree = "<group>"; };
		F1F212C52A19D9E1000443AB /* DaumMap.framework */ = {isa = PBXFileReference; lastKnownFileType = wrapper.framework; path = DaumMap.framework; sourceTree = "<group>"; };
		F1F212E32A19DDA8000443AB /* UIView+Extensions.swift */ = {isa = PBXFileReference; lastKnownFileType = sourcecode.swift; path = "UIView+Extensions.swift"; sourceTree = "<group>"; };
		F1F212E52A19DDC2000443AB /* UIViewController+Extensions.swift */ = {isa = PBXFileReference; lastKnownFileType = sourcecode.swift; path = "UIViewController+Extensions.swift"; sourceTree = "<group>"; };
/* End PBXFileReference section */

/* Begin PBXFrameworksBuildPhase section */
		F1F211272A19CC76000443AB /* Frameworks */ = {
			isa = PBXFrameworksBuildPhase;
			buildActionMask = 2147483647;
			files = (
				F1F211C22A19D085000443AB /* libxml2.tbd in Frameworks */,
				F1F211BF2A19D060000443AB /* libsqlite3.tbd in Frameworks */,
				F1F211C62A19D0A1000443AB /* QuartzCore.framework in Frameworks */,
				F1F211BD2A19D04F000443AB /* libc++.tbd in Frameworks */,
				F1F211C12A19D079000443AB /* libsqlite3.tbd in Frameworks */,
				F1F211BB2A19D037000443AB /* CoreLocation.framework in Frameworks */,
				F1F212E12A19D9E1000443AB /* DaumMap.framework in Frameworks */,
				F1F211C82A19D0AD000443AB /* SystemConfiguration.framework in Frameworks */,
				F1F2129E2A19D99F000443AB /* DaumMap.framework in Frameworks */,
				F1F211C42A19D08C000443AB /* OpenGLES.framework in Frameworks */,
				AD5756FF6B7DCE930742830F /* Pods_KakaoMap_Clone.framework in Frameworks */,
			);
			runOnlyForDeploymentPostprocessing = 0;
		};
/* End PBXFrameworksBuildPhase section */

/* Begin PBXGroup section */
		BF4A694583B73075834BBCBF /* Pods */ = {
			isa = PBXGroup;
			children = (
				9003889F509E75CBAFFC9A29 /* Pods-KakaoMap_Clone.debug.xcconfig */,
				281B92ADB49BCA945191C97F /* Pods-KakaoMap_Clone.release.xcconfig */,
			);
			path = Pods;
			sourceTree = "<group>";
		};
		F13C69E52A39BE1A0015CFE8 /* Components */ = {
			isa = PBXGroup;
			children = (
				F10BA3452A1C5BD300CCBE9D /* CustomSearchBarView.swift */,
				F1B8F7612A1DD87500D3B45E /* ReviewStarView.swift */,
				F13C69E62A39BE3A0015CFE8 /* DistanceAddressView.swift */,
			);
			path = Components;
			sourceTree = "<group>";
		};
		F1954A7F2A2B190E00E9D0C7 /* Protocols */ = {
			isa = PBXGroup;
			children = (
				F1954A802A2B192100E9D0C7 /* MapDataType.swift */,
			);
			path = Protocols;
			sourceTree = "<group>";
		};
		F1954A842A2C669100E9D0C7 /* Extensions */ = {
			isa = PBXGroup;
			children = (
				F1F212E32A19DDA8000443AB /* UIView+Extensions.swift */,
				F1F212E52A19DDC2000443AB /* UIViewController+Extensions.swift */,
				F19BA78F2A1F7B1F003F348C /* UIImage+Extension.swift */,
			);
			path = Extensions;
			sourceTree = "<group>";
		};
		F1EBC3252A2587AF0043CC46 /* Main */ = {
			isa = PBXGroup;
			children = (
				F1F211312A19CC76000443AB /* MainViewController.swift */,
				F1EBC3232A2587AA0043CC46 /* MenuViewController.swift */,
				F15A4F822A31BA8900793806 /* LoginAlertViewController.swift */,
				F13C69EA2A39C6E80015CFE8 /* FavoriteViewController.swift */,
			);
			path = Main;
			sourceTree = "<group>";
		};
		F1F211212A19CC76000443AB = {
			isa = PBXGroup;
			children = (
				F1F2112C2A19CC76000443AB /* KakaoMap_Clone */,
				F1F2112B2A19CC76000443AB /* Products */,
				F1F211B92A19D037000443AB /* Frameworks */,
				BF4A694583B73075834BBCBF /* Pods */,
			);
			sourceTree = "<group>";
		};
		F1F2112B2A19CC76000443AB /* Products */ = {
			isa = PBXGroup;
			children = (
				F1F2112A2A19CC76000443AB /* KakaoMap_Clone.app */,
			);
			name = Products;
			sourceTree = "<group>";
		};
		F1F2112C2A19CC76000443AB /* KakaoMap_Clone */ = {
			isa = PBXGroup;
			children = (
				F1F2129F2A19D9E1000443AB /* DaumMap.embeddedframework */,
				F1F2112D2A19CC76000443AB /* AppDelegate.swift */,
				F1F2112F2A19CC76000443AB /* SceneDelegate.swift */,
				F1F212EB2A19F78F000443AB /* Service */,
				F1F212E92A19F76F000443AB /* Model */,
				F1F212E82A19F75E000443AB /* View */,
				F1F212EA2A19F775000443AB /* ViewModel */,
				F1F212E72A19F74C000443AB /* Controller */,
				F1F212E22A19DD91000443AB /* Utilities */,
				F1F211362A19CC77000443AB /* Assets.xcassets */,
				F1DB31482A341FFF00B6D513 /* credentials.plist */,
				F1DB31372A32EC3D00B6D513 /* GoogleService-Info.plist */,
				F1F2113B2A19CC77000443AB /* Info.plist */,
				F1F2125B2A19D914000443AB /* KakaoMap-Bridge-Header.h */,
			);
			path = KakaoMap_Clone;
			sourceTree = "<group>";
		};
		F1F211B92A19D037000443AB /* Frameworks */ = {
			isa = PBXGroup;
			children = (
				F1F211C72A19D0AD000443AB /* SystemConfiguration.framework */,
				F1F211C52A19D0A1000443AB /* QuartzCore.framework */,
				F1F211C32A19D08C000443AB /* OpenGLES.framework */,
				F1F211C02A19D069000443AB /* libxml2.tbd */,
				F1F211BE2A19D058000443AB /* libsqlite3.tbd */,
				F1F211BC2A19D046000443AB /* libc++.tbd */,
				F1F211BA2A19D037000443AB /* CoreLocation.framework */,
				F1F212822A19D99F000443AB /* DaumMap.framework */,
				9B7903C5A0ED71AA5660026B /* Pods_KakaoMap_Clone.framework */,
			);
			name = Frameworks;
			sourceTree = "<group>";
		};
		F1F2129F2A19D9E1000443AB /* DaumMap.embeddedframework */ = {
			isa = PBXGroup;
			children = (
				F1F212A02A19D9E1000443AB /* Resources */,
				F1F212C52A19D9E1000443AB /* DaumMap.framework */,
			);
			path = DaumMap.embeddedframework;
			sourceTree = "<group>";
		};
		F1F212A02A19D9E1000443AB /* Resources */ = {
			isa = PBXGroup;
			children = (
				F1F212A12A19D9E1000443AB /* map_pinup_custom@3x.png */,
				F1F212A22A19D9E1000443AB /* map_pin_custom.png */,
				F1F212A32A19D9E1000443AB /* shadow_balloon.png */,
				F1F212A42A19D9E1000443AB /* map_pinup.png */,
				F1F212A52A19D9E1000443AB /* detail_button.png */,
				F1F212A62A19D9E1000443AB /* map_pin_custom@3x.png */,
				F1F212A72A19D9E1000443AB /* map_pinup@3x.png */,
				F1F212A82A19D9E1000443AB /* map_pin_shadow@3x.png */,
				F1F212A92A19D9E1000443AB /* copyright.png */,
				F1F212AA2A19D9E1000443AB /* th_line.png */,
				F1F212AB2A19D9E1000443AB /* map_pin_red@3x.png */,
				F1F212AC2A19D9E1000443AB /* daum_copyright.png */,
				F1F212AD2A19D9E1000443AB /* map_pin@3x.png */,
				F1F212AE2A19D9E1000443AB /* map_present_tracking.png */,
				F1F212AF2A19D9E1000443AB /* map_pin_red.png */,
				F1F212B02A19D9E1000443AB /* Headers */,
				F1F212B92A19D9E1000443AB /* info_box.png */,
				F1F212BA2A19D9E1000443AB /* point_sprite.png */,
				F1F212BB2A19D9E1000443AB /* map_pinup_custom.png */,
				F1F212BC2A19D9E1000443AB /* info_box_tail.png */,
				F1F212BD2A19D9E1000443AB /* noimage256.png */,
				F1F212BE2A19D9E1000443AB /* map_present_direction.png */,
				F1F212BF2A19D9E1000443AB /* map_pin.png */,
				F1F212C02A19D9E1000443AB /* map_present.png */,
				F1F212C12A19D9E1000443AB /* noimage.png */,
				F1F212C22A19D9E1000443AB /* map_present_background_update.png */,
				F1F212C32A19D9E1000443AB /* daum_th_line.png */,
				F1F212C42A19D9E1000443AB /* map_pin_shadow.png */,
			);
			path = Resources;
			sourceTree = "<group>";
		};
		F1F212B02A19D9E1000443AB /* Headers */ = {
			isa = PBXGroup;
			children = (
				F1F212B12A19D9E1000443AB /* MTMapPOIItem.h */,
				F1F212B22A19D9E1000443AB /* MTMapCameraUpdate.h */,
				F1F212B32A19D9E1000443AB /* MTMapReverseGeoCoder.h */,
				F1F212B42A19D9E1000443AB /* MTMapPolyline.h */,
				F1F212B52A19D9E1000443AB /* MTMapLocationMarkerItem.h */,
				F1F212B62A19D9E1000443AB /* MTMapView.h */,
				F1F212B72A19D9E1000443AB /* MTMapGeometry.h */,
				F1F212B82A19D9E1000443AB /* MTMapCircle.h */,
			);
			path = Headers;
			sourceTree = "<group>";
		};
		F1F212E22A19DD91000443AB /* Utilities */ = {
			isa = PBXGroup;
			children = (
				F1DB31392A32F40100B6D513 /* Constant.swift */,
				F1954A7D2A2B168D00E9D0C7 /* Coordinate.swift */,
				F1EBC31B2A2311870043CC46 /* MeasureFormatter.swift */,
				F1954A852A2C66C500E9D0C7 /* MenuOptionsButton.swift */,
				F1954A842A2C669100E9D0C7 /* Extensions */,
			);
			path = Utilities;
			sourceTree = "<group>";
		};
		F1F212E72A19F74C000443AB /* Controller */ = {
			isa = PBXGroup;
			children = (
				F1EBC3252A2587AF0043CC46 /* Main */,
				F10BA3492A1C762A00CCBE9D /* SearchViewController.swift */,
				F1B8F75B2A1D9F0000D3B45E /* SearchResultViewController.swift */,
				F1A92BA72A1F1CD800A3AA8F /* ResultMapViewController.swift */,
				F1B8F7672A1E109A00D3B45E /* CustomAlignmentAlertViewController.swift */,
				F1EBC3172A22FAA10043CC46 /* DetailViewController.swift */,
			);
			path = Controller;
			sourceTree = "<group>";
		};
		F1F212E82A19F75E000443AB /* View */ = {
			isa = PBXGroup;
			children = (
				F1F211382A19CC77000443AB /* LaunchScreen.storyboard */,
				F13C69E52A39BE1A0015CFE8 /* Components */,
				F1B8F7652A1E097F00D3B45E /* CustomAlignmentAlertView.swift */,
				F10BA34B2A1C829500CCBE9D /* MenuCollectionViewCell.swift */,
				F1B8F75F2A1DCBD800D3B45E /* SearchResultTableViewCell.swift */,
				F1954A822A2C644200E9D0C7 /* MenuView.swift */,
				F13C69E82A39C4600015CFE8 /* FavoriteViewTableViewCell.swift */,
			);
			path = View;
			sourceTree = "<group>";
		};
		F1F212E92A19F76F000443AB /* Model */ = {
			isa = PBXGroup;
			children = (
				F1B8F7542A1CC0BC00D3B45E /* AddressResult.swift */,
				F1B8F7562A1CE5E900D3B45E /* KeywordResult.swift */,
				F1EBC31D2A232BB50043CC46 /* DestinationResult.swift */,
				F161EF172A25CC8500ED9709 /* SearchModel.swift */,
				F1DB314A2A34528900B6D513 /* TargetPlaceDetail.swift */,
				F199002B2A35B3D70002AD2A /* FavoritePlace.swift */,
				F1954A7F2A2B190E00E9D0C7 /* Protocols */,
			);
			path = Model;
			sourceTree = "<group>";
		};
		F1F212EA2A19F775000443AB /* ViewModel */ = {
			isa = PBXGroup;
			children = (
				F1DB31412A33208600B6D513 /* AuthViewModel.swift */,
				F13C69EC2A39CA520015CFE8 /* FavoriteViewModel.swift */,
				F1B8F7582A1D98D300D3B45E /* MainViewModel.swift */,
				F10BA34D2A1C9D0C00CCBE9D /* SearchViewModel.swift */,
				F1B8F75D2A1DA08100D3B45E /* SearchResultViewModel.swift */,
				F161EF192A25ECDA00ED9709 /* ResultMapViewModel.swift */,
			);
			path = ViewModel;
			sourceTree = "<group>";
		};
		F1F212EB2A19F78F000443AB /* Service */ = {
			isa = PBXGroup;
			children = (
				F10BA34F2A1CBAA500CCBE9D /* HttpClient.swift */,
				F1EBC31F2A232CB50043CC46 /* LocationManager.swift */,
				F1A7C09C2A31D49400F96041 /* NotificationManager.swift */,
				F1DB313B2A32F9EE00B6D513 /* AuthService.swift */,
				F19900292A359E880002AD2A /* FirestoreManager.swift */,
				F1DB313F2A3308CC00B6D513 /* UserDefaultsManager.swift */,
			);
			path = Service;
			sourceTree = "<group>";
		};
/* End PBXGroup section */

/* Begin PBXNativeTarget section */
		F1F211292A19CC76000443AB /* KakaoMap_Clone */ = {
			isa = PBXNativeTarget;
			buildConfigurationList = F1F2113E2A19CC77000443AB /* Build configuration list for PBXNativeTarget "KakaoMap_Clone" */;
			buildPhases = (
				53A0950E43113613BBB974FA /* [CP] Check Pods Manifest.lock */,
				F1F211262A19CC76000443AB /* Sources */,
				F1F211272A19CC76000443AB /* Frameworks */,
				F1F211282A19CC76000443AB /* Resources */,
				F62F020A085FBC7DDED0F496 /* [CP] Embed Pods Frameworks */,
			);
			buildRules = (
			);
			dependencies = (
			);
			name = KakaoMap_Clone;
			productName = KakaoMap_Clone;
			productReference = F1F2112A2A19CC76000443AB /* KakaoMap_Clone.app */;
			productType = "com.apple.product-type.application";
		};
/* End PBXNativeTarget section */

/* Begin PBXProject section */
		F1F211222A19CC76000443AB /* Project object */ = {
			isa = PBXProject;
			attributes = {
				BuildIndependentTargetsInParallel = 1;
				LastSwiftUpdateCheck = 1430;
				LastUpgradeCheck = 1430;
				TargetAttributes = {
					F1F211292A19CC76000443AB = {
						CreatedOnToolsVersion = 14.3;
					};
				};
			};
			buildConfigurationList = F1F211252A19CC76000443AB /* Build configuration list for PBXProject "KakaoMap_Clone" */;
			compatibilityVersion = "Xcode 14.0";
			developmentRegion = en;
			hasScannedForEncodings = 0;
			knownRegions = (
				en,
				Base,
			);
			mainGroup = F1F211212A19CC76000443AB;
			productRefGroup = F1F2112B2A19CC76000443AB /* Products */;
			projectDirPath = "";
			projectRoot = "";
			targets = (
				F1F211292A19CC76000443AB /* KakaoMap_Clone */,
			);
		};
/* End PBXProject section */

/* Begin PBXResourcesBuildPhase section */
		F1F211282A19CC76000443AB /* Resources */ = {
			isa = PBXResourcesBuildPhase;
			buildActionMask = 2147483647;
			files = (
				F1F212DC2A19D9E1000443AB /* map_present.png in Resources */,
				F1F212D22A19D9E1000443AB /* map_pin@3x.png in Resources */,
				F1F212D02A19D9E1000443AB /* map_pin_red@3x.png in Resources */,
				F1F212DB2A19D9E1000443AB /* map_pin.png in Resources */,
				F1F212D42A19D9E1000443AB /* map_pin_red.png in Resources */,
				F1F212C62A19D9E1000443AB /* map_pinup_custom@3x.png in Resources */,
				F1F212CE2A19D9E1000443AB /* copyright.png in Resources */,
				F1DB31382A32EC3D00B6D513 /* GoogleService-Info.plist in Resources */,
				F1F212CD2A19D9E1000443AB /* map_pin_shadow@3x.png in Resources */,
				F1F2113A2A19CC77000443AB /* LaunchScreen.storyboard in Resources */,
				F1F212D12A19D9E1000443AB /* daum_copyright.png in Resources */,
				F1F212D52A19D9E1000443AB /* info_box.png in Resources */,
				F1F212CB2A19D9E1000443AB /* map_pin_custom@3x.png in Resources */,
				F1F212E02A19D9E1000443AB /* map_pin_shadow.png in Resources */,
				F1F212D32A19D9E1000443AB /* map_present_tracking.png in Resources */,
				F1F212CA2A19D9E1000443AB /* detail_button.png in Resources */,
				F1F212DD2A19D9E1000443AB /* noimage.png in Resources */,
				F1F212CF2A19D9E1000443AB /* th_line.png in Resources */,
				F1DB31492A341FFF00B6D513 /* credentials.plist in Resources */,
				F1F212D82A19D9E1000443AB /* info_box_tail.png in Resources */,
				F1F212C72A19D9E1000443AB /* map_pin_custom.png in Resources */,
				F1F212D72A19D9E1000443AB /* map_pinup_custom.png in Resources */,
				F1F212CC2A19D9E1000443AB /* map_pinup@3x.png in Resources */,
				F1F212D62A19D9E1000443AB /* point_sprite.png in Resources */,
				F1F212DE2A19D9E1000443AB /* map_present_background_update.png in Resources */,
				F1F212DA2A19D9E1000443AB /* map_present_direction.png in Resources */,
				F1F212D92A19D9E1000443AB /* noimage256.png in Resources */,
				F1F212C82A19D9E1000443AB /* shadow_balloon.png in Resources */,
				F1F211372A19CC77000443AB /* Assets.xcassets in Resources */,
				F1F212DF2A19D9E1000443AB /* daum_th_line.png in Resources */,
				F1F212C92A19D9E1000443AB /* map_pinup.png in Resources */,
			);
			runOnlyForDeploymentPostprocessing = 0;
		};
/* End PBXResourcesBuildPhase section */

/* Begin PBXShellScriptBuildPhase section */
		53A0950E43113613BBB974FA /* [CP] Check Pods Manifest.lock */ = {
			isa = PBXShellScriptBuildPhase;
			buildActionMask = 2147483647;
			files = (
			);
			inputFileListPaths = (
			);
			inputPaths = (
				"${PODS_PODFILE_DIR_PATH}/Podfile.lock",
				"${PODS_ROOT}/Manifest.lock",
			);
			name = "[CP] Check Pods Manifest.lock";
			outputFileListPaths = (
			);
			outputPaths = (
				"$(DERIVED_FILE_DIR)/Pods-KakaoMap_Clone-checkManifestLockResult.txt",
			);
			runOnlyForDeploymentPostprocessing = 0;
			shellPath = /bin/sh;
			shellScript = "diff \"${PODS_PODFILE_DIR_PATH}/Podfile.lock\" \"${PODS_ROOT}/Manifest.lock\" > /dev/null\nif [ $? != 0 ] ; then\n    # print error to STDERR\n    echo \"error: The sandbox is not in sync with the Podfile.lock. Run 'pod install' or update your CocoaPods installation.\" >&2\n    exit 1\nfi\n# This output is used by Xcode 'outputs' to avoid re-running this script phase.\necho \"SUCCESS\" > \"${SCRIPT_OUTPUT_FILE_0}\"\n";
			showEnvVarsInLog = 0;
		};
		F62F020A085FBC7DDED0F496 /* [CP] Embed Pods Frameworks */ = {
			isa = PBXShellScriptBuildPhase;
			buildActionMask = 2147483647;
			files = (
			);
			inputFileListPaths = (
				"${PODS_ROOT}/Target Support Files/Pods-KakaoMap_Clone/Pods-KakaoMap_Clone-frameworks-${CONFIGURATION}-input-files.xcfilelist",
			);
			name = "[CP] Embed Pods Frameworks";
			outputFileListPaths = (
				"${PODS_ROOT}/Target Support Files/Pods-KakaoMap_Clone/Pods-KakaoMap_Clone-frameworks-${CONFIGURATION}-output-files.xcfilelist",
			);
			runOnlyForDeploymentPostprocessing = 0;
			shellPath = /bin/sh;
			shellScript = "\"${PODS_ROOT}/Target Support Files/Pods-KakaoMap_Clone/Pods-KakaoMap_Clone-frameworks.sh\"\n";
			showEnvVarsInLog = 0;
		};
/* End PBXShellScriptBuildPhase section */

/* Begin PBXSourcesBuildPhase section */
		F1F211262A19CC76000443AB /* Sources */ = {
			isa = PBXSourcesBuildPhase;
			buildActionMask = 2147483647;
			files = (
				F161EF1A2A25ECDA00ED9709 /* ResultMapViewModel.swift in Sources */,
				F161EF182A25CC8500ED9709 /* SearchModel.swift in Sources */,
				F1954A832A2C644200E9D0C7 /* MenuView.swift in Sources */,
				F1DB313C2A32F9EE00B6D513 /* AuthService.swift in Sources */,
				F1954A7E2A2B168D00E9D0C7 /* Coordinate.swift in Sources */,
				F1B8F7552A1CC0BC00D3B45E /* AddressResult.swift in Sources */,
				F1DB31422A33208600B6D513 /* AuthViewModel.swift in Sources */,
				F1F211322A19CC76000443AB /* MainViewController.swift in Sources */,
				F1EBC3202A232CB50043CC46 /* LocationManager.swift in Sources */,
				F1DB313A2A32F40100B6D513 /* Constant.swift in Sources */,
				F199002C2A35B3D70002AD2A /* FavoritePlace.swift in Sources */,
				F1B8F7602A1DCBD800D3B45E /* SearchResultTableViewCell.swift in Sources */,
				F1DB314B2A34528900B6D513 /* TargetPlaceDetail.swift in Sources */,
				F1EBC31E2A232BB50043CC46 /* DestinationResult.swift in Sources */,
				F1F2112E2A19CC76000443AB /* AppDelegate.swift in Sources */,
				F10BA3502A1CBAA500CCBE9D /* HttpClient.swift in Sources */,
				F1954A812A2B192100E9D0C7 /* MapDataType.swift in Sources */,
				F10BA34A2A1C762A00CCBE9D /* SearchViewController.swift in Sources */,
				F13C69ED2A39CA520015CFE8 /* FavoriteViewModel.swift in Sources */,
				F1B8F7592A1D98D300D3B45E /* MainViewModel.swift in Sources */,
				F10BA34C2A1C829500CCBE9D /* MenuCollectionViewCell.swift in Sources */,
				F13C69E72A39BE3A0015CFE8 /* DistanceAddressView.swift in Sources */,
				F1954A862A2C66C500E9D0C7 /* MenuOptionsButton.swift in Sources */,
				F13C69EB2A39C6E80015CFE8 /* FavoriteViewController.swift in Sources */,
				F1A92BA82A1F1CD800A3AA8F /* ResultMapViewController.swift in Sources */,
				F1B8F7572A1CE5E900D3B45E /* KeywordResult.swift in Sources */,
				F1A7C09D2A31D49400F96041 /* NotificationManager.swift in Sources */,
				F1B8F75C2A1D9F0000D3B45E /* SearchResultViewController.swift in Sources */,
				F1EBC3182A22FAA10043CC46 /* DetailViewController.swift in Sources */,
				F1DB31402A3308CC00B6D513 /* UserDefaultsManager.swift in Sources */,
				F10BA3462A1C5BD300CCBE9D /* CustomSearchBarView.swift in Sources */,
				F1F212E62A19DDC2000443AB /* UIViewController+Extensions.swift in Sources */,
				F1B8F7622A1DD87500D3B45E /* ReviewStarView.swift in Sources */,
				F10BA34E2A1C9D0C00CCBE9D /* SearchViewModel.swift in Sources */,
				F1EBC31C2A2311870043CC46 /* MeasureFormatter.swift in Sources */,
				F199002A2A359E880002AD2A /* FirestoreManager.swift in Sources */,
				F13C69E92A39C4600015CFE8 /* FavoriteViewTableViewCell.swift in Sources */,
				F19BA7902A1F7B1F003F348C /* UIImage+Extension.swift in Sources */,
				F1B8F7662A1E097F00D3B45E /* CustomAlignmentAlertView.swift in Sources */,
				F1EBC3242A2587AA0043CC46 /* MenuViewController.swift in Sources */,
				F1F212E42A19DDA8000443AB /* UIView+Extensions.swift in Sources */,
				F1B8F75E2A1DA08100D3B45E /* SearchResultViewModel.swift in Sources */,
				F1B8F7682A1E109A00D3B45E /* CustomAlignmentAlertViewController.swift in Sources */,
				F15A4F832A31BA8900793806 /* LoginAlertViewController.swift in Sources */,
				F1F211302A19CC76000443AB /* SceneDelegate.swift in Sources */,
			);
			runOnlyForDeploymentPostprocessing = 0;
		};
/* End PBXSourcesBuildPhase section */

/* Begin PBXVariantGroup section */
		F1F211382A19CC77000443AB /* LaunchScreen.storyboard */ = {
			isa = PBXVariantGroup;
			children = (
				F1F211392A19CC77000443AB /* Base */,
			);
			name = LaunchScreen.storyboard;
			sourceTree = "<group>";
		};
/* End PBXVariantGroup section */

/* Begin XCBuildConfiguration section */
		F1F2113C2A19CC77000443AB /* Debug */ = {
			isa = XCBuildConfiguration;
			buildSettings = {
				ALWAYS_SEARCH_USER_PATHS = NO;
				CLANG_ANALYZER_NONNULL = YES;
				CLANG_ANALYZER_NUMBER_OBJECT_CONVERSION = YES_AGGRESSIVE;
				CLANG_CXX_LANGUAGE_STANDARD = "gnu++20";
				CLANG_ENABLE_MODULES = YES;
				CLANG_ENABLE_OBJC_ARC = NO;
				CLANG_ENABLE_OBJC_WEAK = YES;
				CLANG_WARN_BLOCK_CAPTURE_AUTORELEASING = YES;
				CLANG_WARN_BOOL_CONVERSION = YES;
				CLANG_WARN_COMMA = YES;
				CLANG_WARN_CONSTANT_CONVERSION = YES;
				CLANG_WARN_DEPRECATED_OBJC_IMPLEMENTATIONS = YES;
				CLANG_WARN_DIRECT_OBJC_ISA_USAGE = YES_ERROR;
				CLANG_WARN_DOCUMENTATION_COMMENTS = YES;
				CLANG_WARN_EMPTY_BODY = YES;
				CLANG_WARN_ENUM_CONVERSION = YES;
				CLANG_WARN_INFINITE_RECURSION = YES;
				CLANG_WARN_INT_CONVERSION = YES;
				CLANG_WARN_NON_LITERAL_NULL_CONVERSION = YES;
				CLANG_WARN_OBJC_IMPLICIT_RETAIN_SELF = YES;
				CLANG_WARN_OBJC_LITERAL_CONVERSION = YES;
				CLANG_WARN_OBJC_ROOT_CLASS = YES_ERROR;
				CLANG_WARN_QUOTED_INCLUDE_IN_FRAMEWORK_HEADER = YES;
				CLANG_WARN_RANGE_LOOP_ANALYSIS = YES;
				CLANG_WARN_STRICT_PROTOTYPES = YES;
				CLANG_WARN_SUSPICIOUS_MOVE = YES;
				CLANG_WARN_UNGUARDED_AVAILABILITY = YES_AGGRESSIVE;
				CLANG_WARN_UNREACHABLE_CODE = YES;
				CLANG_WARN__DUPLICATE_METHOD_MATCH = YES;
				COPY_PHASE_STRIP = NO;
				DEBUG_INFORMATION_FORMAT = dwarf;
				ENABLE_STRICT_OBJC_MSGSEND = YES;
				ENABLE_TESTABILITY = YES;
				EXCLUDED_ARCHS = "";
				GCC_C_LANGUAGE_STANDARD = gnu11;
				GCC_DYNAMIC_NO_PIC = NO;
				GCC_NO_COMMON_BLOCKS = YES;
				GCC_OPTIMIZATION_LEVEL = 0;
				GCC_PREPROCESSOR_DEFINITIONS = (
					"DEBUG=1",
					"$(inherited)",
				);
				GCC_WARN_64_TO_32_BIT_CONVERSION = YES;
				GCC_WARN_ABOUT_RETURN_TYPE = YES_ERROR;
				GCC_WARN_UNDECLARED_SELECTOR = YES;
				GCC_WARN_UNINITIALIZED_AUTOS = YES_AGGRESSIVE;
				GCC_WARN_UNUSED_FUNCTION = YES;
				GCC_WARN_UNUSED_VARIABLE = YES;
				IPHONEOS_DEPLOYMENT_TARGET = 16.4;
				MTL_ENABLE_DEBUG_INFO = INCLUDE_SOURCE;
				MTL_FAST_MATH = YES;
				ONLY_ACTIVE_ARCH = YES;
				SDKROOT = iphoneos;
				SWIFT_ACTIVE_COMPILATION_CONDITIONS = DEBUG;
				SWIFT_OPTIMIZATION_LEVEL = "-Onone";
			};
			name = Debug;
		};
		F1F2113D2A19CC77000443AB /* Release */ = {
			isa = XCBuildConfiguration;
			buildSettings = {
				ALWAYS_SEARCH_USER_PATHS = NO;
				CLANG_ANALYZER_NONNULL = YES;
				CLANG_ANALYZER_NUMBER_OBJECT_CONVERSION = YES_AGGRESSIVE;
				CLANG_CXX_LANGUAGE_STANDARD = "gnu++20";
				CLANG_ENABLE_MODULES = YES;
				CLANG_ENABLE_OBJC_ARC = NO;
				CLANG_ENABLE_OBJC_WEAK = YES;
				CLANG_WARN_BLOCK_CAPTURE_AUTORELEASING = YES;
				CLANG_WARN_BOOL_CONVERSION = YES;
				CLANG_WARN_COMMA = YES;
				CLANG_WARN_CONSTANT_CONVERSION = YES;
				CLANG_WARN_DEPRECATED_OBJC_IMPLEMENTATIONS = YES;
				CLANG_WARN_DIRECT_OBJC_ISA_USAGE = YES_ERROR;
				CLANG_WARN_DOCUMENTATION_COMMENTS = YES;
				CLANG_WARN_EMPTY_BODY = YES;
				CLANG_WARN_ENUM_CONVERSION = YES;
				CLANG_WARN_INFINITE_RECURSION = YES;
				CLANG_WARN_INT_CONVERSION = YES;
				CLANG_WARN_NON_LITERAL_NULL_CONVERSION = YES;
				CLANG_WARN_OBJC_IMPLICIT_RETAIN_SELF = YES;
				CLANG_WARN_OBJC_LITERAL_CONVERSION = YES;
				CLANG_WARN_OBJC_ROOT_CLASS = YES_ERROR;
				CLANG_WARN_QUOTED_INCLUDE_IN_FRAMEWORK_HEADER = YES;
				CLANG_WARN_RANGE_LOOP_ANALYSIS = YES;
				CLANG_WARN_STRICT_PROTOTYPES = YES;
				CLANG_WARN_SUSPICIOUS_MOVE = YES;
				CLANG_WARN_UNGUARDED_AVAILABILITY = YES_AGGRESSIVE;
				CLANG_WARN_UNREACHABLE_CODE = YES;
				CLANG_WARN__DUPLICATE_METHOD_MATCH = YES;
				COPY_PHASE_STRIP = NO;
				DEBUG_INFORMATION_FORMAT = "dwarf-with-dsym";
				ENABLE_NS_ASSERTIONS = NO;
				ENABLE_STRICT_OBJC_MSGSEND = YES;
				EXCLUDED_ARCHS = "";
				GCC_C_LANGUAGE_STANDARD = gnu11;
				GCC_NO_COMMON_BLOCKS = YES;
				GCC_WARN_64_TO_32_BIT_CONVERSION = YES;
				GCC_WARN_ABOUT_RETURN_TYPE = YES_ERROR;
				GCC_WARN_UNDECLARED_SELECTOR = YES;
				GCC_WARN_UNINITIALIZED_AUTOS = YES_AGGRESSIVE;
				GCC_WARN_UNUSED_FUNCTION = YES;
				GCC_WARN_UNUSED_VARIABLE = YES;
				IPHONEOS_DEPLOYMENT_TARGET = 16.4;
				MTL_ENABLE_DEBUG_INFO = NO;
				MTL_FAST_MATH = YES;
				SDKROOT = iphoneos;
				SWIFT_COMPILATION_MODE = wholemodule;
				SWIFT_OPTIMIZATION_LEVEL = "-O";
				VALIDATE_PRODUCT = YES;
			};
			name = Release;
		};
		F1F2113F2A19CC77000443AB /* Debug */ = {
			isa = XCBuildConfiguration;
			baseConfigurationReference = 9003889F509E75CBAFFC9A29 /* Pods-KakaoMap_Clone.debug.xcconfig */;
			buildSettings = {
				ASSETCATALOG_COMPILER_APPICON_NAME = AppIcon;
				ASSETCATALOG_COMPILER_GLOBAL_ACCENT_COLOR_NAME = AccentColor;
				CODE_SIGN_STYLE = Automatic;
				CURRENT_PROJECT_VERSION = 1;
				DEVELOPMENT_ASSET_PATHS = "";
				DEVELOPMENT_TEAM = JY9QH7G8BB;
				FRAMEWORK_SEARCH_PATHS = (
					"$(inherited)",
					"$(PROJECT_DIR)/KakaoMap_Clone/DaumMap.embeddedframework",
				);
				GENERATE_INFOPLIST_FILE = YES;
				INFOPLIST_FILE = KakaoMap_Clone/Info.plist;
				INFOPLIST_KEY_NSLocationAlwaysAndWhenInUseUsageDescription = "앱 활성화 상태에만 사용자 위치 정보 권한 요청";
				INFOPLIST_KEY_NSLocationAlwaysUsageDescription = "사용자 위치 권한 요청 항상 허용";
				INFOPLIST_KEY_NSLocationUsageDescription = "사용자 위치 권한 요청";
				INFOPLIST_KEY_NSLocationWhenInUseUsageDescription = "앱 사용 중 사용자 위치 정보 권한 요청";
				INFOPLIST_KEY_UIApplicationSupportsIndirectInputEvents = YES;
				INFOPLIST_KEY_UILaunchStoryboardName = LaunchScreen;
				INFOPLIST_KEY_UISupportedInterfaceOrientations = UIInterfaceOrientationPortrait;
				INFOPLIST_KEY_UISupportedInterfaceOrientations_iPad = "UIInterfaceOrientationLandscapeLeft UIInterfaceOrientationLandscapeRight UIInterfaceOrientationPortrait UIInterfaceOrientationPortraitUpsideDown";
				INFOPLIST_KEY_UIUserInterfaceStyle = Light;
				IPHONEOS_DEPLOYMENT_TARGET = 15.0;
				LD_RUNPATH_SEARCH_PATHS = (
					"$(inherited)",
					"@executable_path/Frameworks",
				);
				MARKETING_VERSION = 1.0;
				PRODUCT_BUNDLE_IDENTIFIER = "com.SamSung.KakaoMap-Clone";
				PRODUCT_NAME = "$(TARGET_NAME)";
				SUPPORTED_PLATFORMS = "iphoneos iphonesimulator";
				SUPPORTS_MACCATALYST = NO;
				SUPPORTS_MAC_DESIGNED_FOR_IPHONE_IPAD = NO;
				SWIFT_EMIT_LOC_STRINGS = YES;
				SWIFT_OBJC_BRIDGING_HEADER = "/Users/samsung/Documents/GitHub/KakaoMap_Clone/KakaoMap_Clone/KakaoMap_Clone/KakaoMap-Bridge-Header.h";
				SWIFT_VERSION = 5.0;
				TARGETED_DEVICE_FAMILY = 1;
			};
			name = Debug;
		};
		F1F211402A19CC77000443AB /* Release */ = {
			isa = XCBuildConfiguration;
			baseConfigurationReference = 281B92ADB49BCA945191C97F /* Pods-KakaoMap_Clone.release.xcconfig */;
			buildSettings = {
				ASSETCATALOG_COMPILER_APPICON_NAME = AppIcon;
				ASSETCATALOG_COMPILER_GLOBAL_ACCENT_COLOR_NAME = AccentColor;
				CODE_SIGN_STYLE = Automatic;
				CURRENT_PROJECT_VERSION = 1;
				DEVELOPMENT_ASSET_PATHS = "";
				DEVELOPMENT_TEAM = JY9QH7G8BB;
				FRAMEWORK_SEARCH_PATHS = (
					"$(inherited)",
					"$(PROJECT_DIR)/KakaoMap_Clone/DaumMap.embeddedframework",
				);
				GENERATE_INFOPLIST_FILE = YES;
				INFOPLIST_FILE = KakaoMap_Clone/Info.plist;
				INFOPLIST_KEY_NSLocationAlwaysAndWhenInUseUsageDescription = "앱 활성화 상태에만 사용자 위치 정보 권한 요청";
				INFOPLIST_KEY_NSLocationAlwaysUsageDescription = "사용자 위치 권한 요청 항상 허용";
				INFOPLIST_KEY_NSLocationUsageDescription = "사용자 위치 권한 요청";
				INFOPLIST_KEY_NSLocationWhenInUseUsageDescription = "앱 사용 중 사용자 위치 정보 권한 요청";
				INFOPLIST_KEY_UIApplicationSupportsIndirectInputEvents = YES;
				INFOPLIST_KEY_UILaunchStoryboardName = LaunchScreen;
				INFOPLIST_KEY_UISupportedInterfaceOrientations = UIInterfaceOrientationPortrait;
				INFOPLIST_KEY_UISupportedInterfaceOrientations_iPad = "UIInterfaceOrientationLandscapeLeft UIInterfaceOrientationLandscapeRight UIInterfaceOrientationPortrait UIInterfaceOrientationPortraitUpsideDown";
				INFOPLIST_KEY_UIUserInterfaceStyle = Light;
				IPHONEOS_DEPLOYMENT_TARGET = 15.0;
				LD_RUNPATH_SEARCH_PATHS = (
					"$(inherited)",
					"@executable_path/Frameworks",
				);
				MARKETING_VERSION = 1.0;
				PRODUCT_BUNDLE_IDENTIFIER = "com.SamSung.KakaoMap-Clone";
				PRODUCT_NAME = "$(TARGET_NAME)";
				SUPPORTED_PLATFORMS = "iphoneos iphonesimulator";
				SUPPORTS_MACCATALYST = NO;
				SUPPORTS_MAC_DESIGNED_FOR_IPHONE_IPAD = NO;
				SWIFT_EMIT_LOC_STRINGS = YES;
				SWIFT_OBJC_BRIDGING_HEADER = "/Users/samsung/Documents/GitHub/KakaoMap_Clone/KakaoMap_Clone/KakaoMap_Clone/KakaoMap-Bridge-Header.h";
				SWIFT_VERSION = 5.0;
				TARGETED_DEVICE_FAMILY = 1;
			};
			name = Release;
		};
/* End XCBuildConfiguration section */

/* Begin XCConfigurationList section */
		F1F211252A19CC76000443AB /* Build configuration list for PBXProject "KakaoMap_Clone" */ = {
			isa = XCConfigurationList;
			buildConfigurations = (
				F1F2113C2A19CC77000443AB /* Debug */,
				F1F2113D2A19CC77000443AB /* Release */,
			);
			defaultConfigurationIsVisible = 0;
			defaultConfigurationName = Release;
		};
		F1F2113E2A19CC77000443AB /* Build configuration list for PBXNativeTarget "KakaoMap_Clone" */ = {
			isa = XCConfigurationList;
			buildConfigurations = (
				F1F2113F2A19CC77000443AB /* Debug */,
				F1F211402A19CC77000443AB /* Release */,
			);
			defaultConfigurationIsVisible = 0;
			defaultConfigurationName = Release;
		};
/* End XCConfigurationList section */
	};
	rootObject = F1F211222A19CC76000443AB /* Project object */;
}
